{
  "version": "5",
  "specifiers": {
    "jsr:@hono/hono@*": "4.10.1",
    "jsr:@std/assert@*": "1.0.15",
    "jsr:@std/cli@*": "1.0.23",
    "jsr:@std/dotenv@*": "0.225.5",
    "jsr:@std/fs@*": "1.0.19",
    "jsr:@std/internal@^1.0.10": "1.0.12",
    "jsr:@std/internal@^1.0.12": "1.0.12",
    "jsr:@std/internal@^1.0.9": "1.0.12",
    "jsr:@std/path@*": "1.1.2",
    "jsr:@std/path@^1.1.1": "1.1.2",
    "jsr:@std/uuid@*": "1.0.9",
    "npm:@google/generative-ai@~0.24.1": "0.24.1",
    "npm:@types/node@*": "24.2.0",
    "npm:mongodb@*": "7.0.0",
    "npm:mongodb@7": "7.0.0"
  },
  "jsr": {
    "@hono/hono@4.10.1": {
      "integrity": "cea3f17677afcd84a654cd1633c136e6bb2220bfa512fdac56614bb97c39fdbf"
    },
    "@std/assert@1.0.15": {
      "integrity": "d64018e951dbdfab9777335ecdb000c0b4e3df036984083be219ce5941e4703b",
      "dependencies": [
        "jsr:@std/internal@^1.0.12"
      ]
    },
    "@std/cli@1.0.23": {
      "integrity": "bf95b7a9425ba2af1ae5a6359daf58c508f2decf711a76ed2993cd352498ccca"
    },
    "@std/dotenv@0.225.5": {
      "integrity": "9ce6f9d0ec3311f74a32535aa1b8c62ed88b1ab91b7f0815797d77a6f60c922f"
    },
    "@std/fs@1.0.19": {
      "integrity": "051968c2b1eae4d2ea9f79a08a3845740ef6af10356aff43d3e2ef11ed09fb06",
      "dependencies": [
        "jsr:@std/internal@^1.0.9",
        "jsr:@std/path@^1.1.1"
      ]
    },
    "@std/internal@1.0.12": {
      "integrity": "972a634fd5bc34b242024402972cd5143eac68d8dffaca5eaa4dba30ce17b027"
    },
    "@std/path@1.1.2": {
      "integrity": "c0b13b97dfe06546d5e16bf3966b1cadf92e1cc83e56ba5476ad8b498d9e3038",
      "dependencies": [
        "jsr:@std/internal@^1.0.10"
      ]
    },
    "@std/uuid@1.0.9": {
      "integrity": "44b627bf2d372fe1bd099e2ad41b2be41a777fc94e62a3151006895a037f1642"
    }
  },
  "npm": {
    "@google/generative-ai@0.24.1": {
      "integrity": "sha512-MqO+MLfM6kjxcKoy0p1wRzG3b4ZZXtPI+z2IE26UogS2Cm/XHO+7gGRBh6gcJsOiIVoH93UwKvW4HdgiOZCy9Q=="
    },
    "@mongodb-js/saslprep@1.3.2": {
      "integrity": "sha512-QgA5AySqB27cGTXBFmnpifAi7HxoGUeezwo6p9dI03MuDB6Pp33zgclqVb6oVK3j6I9Vesg0+oojW2XxB59SGg==",
      "dependencies": [
        "sparse-bitfield"
      ]
    },
    "@types/node@24.2.0": {
      "integrity": "sha512-3xyG3pMCq3oYCNg7/ZP+E1ooTaGB4cG8JWRsqqOYQdbWNY4zbaV0Ennrd7stjiJEFZCaybcIgpTjJWHRfBSIDw==",
      "dependencies": [
        "undici-types"
      ]
    },
    "@types/webidl-conversions@7.0.3": {
      "integrity": "sha512-CiJJvcRtIgzadHCYXw7dqEnMNRjhGZlYK05Mj9OyktqV8uVT8fD2BFOB7S1uwBE3Kj2Z+4UyPmFw/Ixgw/LAlA=="
    },
    "@types/whatwg-url@13.0.0": {
      "integrity": "sha512-N8WXpbE6Wgri7KUSvrmQcqrMllKZ9uxkYWMt+mCSGwNc0Hsw9VQTW7ApqI4XNrx6/SaM2QQJCzMPDEXE058s+Q==",
      "dependencies": [
        "@types/webidl-conversions"
      ]
    },
    "bson@7.0.0": {
      "integrity": "sha512-Kwc6Wh4lQ5OmkqqKhYGKIuELXl+EPYSCObVE6bWsp1T/cGkOCBN0I8wF/T44BiuhHyNi1mmKVPXk60d41xZ7kw=="
    },
    "memory-pager@1.5.0": {
      "integrity": "sha512-ZS4Bp4r/Zoeq6+NLJpP+0Zzm0pR8whtGPf1XExKLJBAczGMnSi3It14OiNCStjQjM6NU1okjQGSxgEZN8eBYKg=="
    },
    "mongodb-connection-string-url@7.0.0": {
      "integrity": "sha512-irhhjRVLE20hbkRl4zpAYLnDMM+zIZnp0IDB9akAFFUZp/3XdOfwwddc7y6cNvF2WCEtfTYRwYbIfYa2kVY0og==",
      "dependencies": [
        "@types/whatwg-url",
        "whatwg-url"
      ]
    },
    "mongodb@7.0.0": {
      "integrity": "sha512-vG/A5cQrvGGvZm2mTnCSz1LUcbOPl83hfB6bxULKQ8oFZauyox/2xbZOoGNl+64m8VBrETkdGCDBdOsCr3F3jg==",
      "dependencies": [
        "@mongodb-js/saslprep",
        "bson",
        "mongodb-connection-string-url"
      ]
    },
    "punycode@2.3.1": {
      "integrity": "sha512-vYt7UD1U9Wg6138shLtLOvdAu+8DsC/ilFtEVHcH+wydcSpNE20AfSOduf6MkRFahL5FY7X1oU7nKVZFtfq8Fg=="
    },
    "sparse-bitfield@3.0.3": {
      "integrity": "sha512-kvzhi7vqKTfkh0PZU+2D2PIllw2ymqJKujUcyPMd9Y75Nv4nPbGJZXNhxsgdQab2BmlDct1YnfQCguEvHr7VsQ==",
      "dependencies": [
        "memory-pager"
      ]
    },
    "tr46@5.1.1": {
      "integrity": "sha512-hdF5ZgjTqgAntKkklYw0R03MG2x/bSzTtkxmIRw/sTNV8YXsCJ1tfLAX23lhxhHJlEf3CRCOCGGWw3vI3GaSPw==",
      "dependencies": [
        "punycode"
      ]
    },
    "undici-types@7.10.0": {
      "integrity": "sha512-t5Fy/nfn+14LuOc2KNYg75vZqClpAiqscVvMygNnlsHBFpSXdJaYtXMcdNLpl/Qvc3P2cB3s6lOV51nqsFq4ag=="
    },
    "webidl-conversions@7.0.0": {
      "integrity": "sha512-VwddBukDzu71offAQR975unBIGqfKZpM+8ZX6ySk8nYhVoo5CYaZyzt3YBvYtRtO+aoGlqxPg/B87NGVZ/fu6g=="
    },
    "whatwg-url@14.2.0": {
      "integrity": "sha512-De72GdQZzNTUBBChsXueQUnPKDkg/5A5zp7pFDuQAj5UFoENpiACU0wlCvzpAGnTkj++ihpKwKyYewn/XNUbKw==",
      "dependencies": [
        "tr46",
        "webidl-conversions"
      ]
    }
  },
  "remote": {
    "https://deno.land/x/deno_dom@v0.1.38/build/deno-wasm/deno-wasm.js": "98b1ad24a1c13284557917659402202e5c5258ab1431b3f3a82434ad36ffa05a",
    "https://deno.land/x/deno_dom@v0.1.38/deno-dom-wasm.ts": "bfd999a493a6974e9fca4d331bee03bfb68cfc600c662cd0b48b21d67a2a8ba0",
    "https://deno.land/x/deno_dom@v0.1.38/src/api.ts": "0ff5790f0a3eeecb4e00b7d8fbfa319b165962cf6d0182a65ba90f158d74f7d7",
    "https://deno.land/x/deno_dom@v0.1.38/src/constructor-lock.ts": "59714df7e0571ec7bd338903b1f396202771a6d4d7f55a452936bd0de9deb186",
    "https://deno.land/x/deno_dom@v0.1.38/src/deserialize.ts": "f4d34514ca00473ca428b69ad437ba345925744b5d791cb9552e2d7a0e7b0439",
    "https://deno.land/x/deno_dom@v0.1.38/src/dom/document-fragment.ts": "a40c6e18dd0efcf749a31552c1c9a6f7fa614452245e86ee38fc92ba0235e5ae",
    "https://deno.land/x/deno_dom@v0.1.38/src/dom/document.ts": "b8f4e4ccabaaa063d6562a0f2f8dea9c0419515d63d8bd79bfde95f7cd64bd93",
    "https://deno.land/x/deno_dom@v0.1.38/src/dom/dom-parser.ts": "609097b426f8c2358f3e5d2bca55ed026cf26cdf86562e94130dfdb0f2537f92",
    "https://deno.land/x/deno_dom@v0.1.38/src/dom/element.ts": "77c454e228dfeb5c570da5aa61d91850400116bfa0f5a85505acdd3c667171a4",
    "https://deno.land/x/deno_dom@v0.1.38/src/dom/elements/html-template-element.ts": "127bb291bb08afeb7e9a66294a5aa6ff2780f4eb4601fa6f7869fe8b70a81472",
    "https://deno.land/x/deno_dom@v0.1.38/src/dom/html-collection.ts": "ae90197f5270c32074926ad6cf30ee07d274d44596c7e413c354880cebce8565",
    "https://deno.land/x/deno_dom@v0.1.38/src/dom/node-list.ts": "4c6e4b4585301d4147addaccd90cb5f5a80e8d6290a1ba7058c5e3dfea16e15d",
    "https://deno.land/x/deno_dom@v0.1.38/src/dom/node.ts": "3069e6fc93ac4111a136ed68199d76673339842b9751610ba06f111ba7dc10a7",
    "https://deno.land/x/deno_dom@v0.1.38/src/dom/selectors/custom-api.ts": "852696bd58e534bc41bd3be9e2250b60b67cd95fd28ed16b1deff1d548531a71",
    "https://deno.land/x/deno_dom@v0.1.38/src/dom/selectors/nwsapi-types.ts": "c43b36c36acc5d32caabaa54fda8c9d239b2b0fcbce9a28efb93c84aa1021698",
    "https://deno.land/x/deno_dom@v0.1.38/src/dom/selectors/nwsapi.js": "985d7d8fc1eabbb88946b47a1c44c1b2d4aa79ff23c21424219f1528fa27a2ff",
    "https://deno.land/x/deno_dom@v0.1.38/src/dom/selectors/selectors.ts": "83eab57be2290fb48e3130533448c93c6c61239f2a2f3b85f1917f80ca0fdc75",
    "https://deno.land/x/deno_dom@v0.1.38/src/dom/selectors/sizzle-types.ts": "78149e2502409989ce861ed636b813b059e16bc267bb543e7c2b26ef43e4798b",
    "https://deno.land/x/deno_dom@v0.1.38/src/dom/selectors/sizzle.js": "c3aed60c1045a106d8e546ac2f85cc82e65f62d9af2f8f515210b9212286682a",
    "https://deno.land/x/deno_dom@v0.1.38/src/dom/utils-types.ts": "96db30e3e4a75b194201bb9fa30988215da7f91b380fca6a5143e51ece2a8436",
    "https://deno.land/x/deno_dom@v0.1.38/src/dom/utils.ts": "55f3e9dc71d6c4a54605888d3f99d26fb0cf9973924709f159252a6933ceeabe",
    "https://deno.land/x/deno_dom@v0.1.38/src/parser.ts": "b65eb7e673fa7ca611de871de109655f0aa9fa35ddc1de73df1a5fc2baafc332"
  },
  "workspace": {
    "dependencies": [
      "npm:@google/generative-ai@~0.24.1"
    ],
    "packageJson": {
      "dependencies": [
        "npm:mongodb@7"
      ]
    }
  }
}
